
Microsoft Visual Studio Solution File, Format Version 12.00
# Visual Studio 15
VisualStudioVersion = 15.0.28307.1913
MinimumVisualStudioVersion = 10.0.40219.1
Project("{159641D6-6404-4A2A-AE62-294DE0FE8301}") = "NFL", "NFL\NFL.dtproj", "{532B95B8-0827-461E-8654-D0CD332B3A62}"
EndProject
Global
	GlobalSection(SolutionConfigurationPlatforms) = preSolution
		Development|Default = Development|Default
	EndGlobalSection
	GlobalSection(ProjectConfigurationPlatforms) = postSolution
		{532B95B8-0827-461E-8654-D0CD332B3A62}.Development|Default.ActiveCfg = Development
		{532B95B8-0827-461E-8654-D0CD332B3A62}.Development|Default.Build.0 = Development
	EndGlobalSection
	GlobalSection(SolutionProperties) = preSolution
		HideSolutionNode = FALSE
	EndGlobalSection
	GlobalSection(ExtensibilityGlobals) = postSolution
		SolutionGuid = {C9F3A259-70F5-45C4-A919-2A0718032699}
	EndGlobalSection
EndGlobal
